
Microsoft Visual Studio Solution File, Format Version 12.00
# Visual Studio 14
VisualStudioVersion = 14.0.25420.1
MinimumVisualStudioVersion = 10.0.40219.1
Project("{FAE04EC0-301F-11D3-BF4B-00C04F79EFBC}") = "EMSQualityOverload", "EMSQualityOverload\EMSQualityOverload.csproj", "{73712C4C-CC05-4878-90B4-0A8959EDD269}"
EndProject
Project("{FAE04EC0-301F-11D3-BF4B-00C04F79EFBC}") = "AllEmployees", "AllEmployees\AllEmployees.csproj", "{1F0AF5BC-D624-475B-A450-A3CF8B7FE823}"
EndProject
Project("{FAE04EC0-301F-11D3-BF4B-00C04F79EFBC}") = "Supporting", "Supporting\Supporting.csproj", "{386F1B7C-B5C8-45ED-9611-CB434732F4C4}"
EndProject
Project("{FAE04EC0-301F-11D3-BF4B-00C04F79EFBC}") = "TheCompany", "TheCompany\TheCompany.csproj", "{F983BE75-9C2C-43EF-8D08-CE33F8AE94E6}"
EndProject
Project("{FAE04EC0-301F-11D3-BF4B-00C04F79EFBC}") = "Presentation", "Presentation\Presentation.csproj", "{7C182E47-B5A3-4A57-A6D3-BA8892A7C93F}"
EndProject
Project("{2150E333-8FDC-42A3-9474-1A3956D46DE8}") = "Solution Items", "Solution Items", "{09EDB70D-3F70-4A54-9195-D274AC15B301}"
	ProjectSection(SolutionItems) = preProject
		DoxygenMain.cs = DoxygenMain.cs
	EndProjectSection
EndProject
Project("{FAE04EC0-301F-11D3-BF4B-00C04F79EFBC}") = "EMSUnitTestProject", "EMSUnitTestProject\EMSUnitTestProject.csproj", "{842DDFB6-5DF8-46D5-ACBE-65280B5917E4}"
EndProject
Global
	GlobalSection(SolutionConfigurationPlatforms) = preSolution
		Debug|Any CPU = Debug|Any CPU
		Release|Any CPU = Release|Any CPU
	EndGlobalSection
	GlobalSection(ProjectConfigurationPlatforms) = postSolution
		{73712C4C-CC05-4878-90B4-0A8959EDD269}.Debug|Any CPU.ActiveCfg = Debug|Any CPU
		{73712C4C-CC05-4878-90B4-0A8959EDD269}.Debug|Any CPU.Build.0 = Debug|Any CPU
		{73712C4C-CC05-4878-90B4-0A8959EDD269}.Release|Any CPU.ActiveCfg = Release|Any CPU
		{73712C4C-CC05-4878-90B4-0A8959EDD269}.Release|Any CPU.Build.0 = Release|Any CPU
		{1F0AF5BC-D624-475B-A450-A3CF8B7FE823}.Debug|Any CPU.ActiveCfg = Debug|Any CPU
		{1F0AF5BC-D624-475B-A450-A3CF8B7FE823}.Debug|Any CPU.Build.0 = Debug|Any CPU
		{1F0AF5BC-D624-475B-A450-A3CF8B7FE823}.Release|Any CPU.ActiveCfg = Release|Any CPU
		{1F0AF5BC-D624-475B-A450-A3CF8B7FE823}.Release|Any CPU.Build.0 = Release|Any CPU
		{386F1B7C-B5C8-45ED-9611-CB434732F4C4}.Debug|Any CPU.ActiveCfg = Debug|Any CPU
		{386F1B7C-B5C8-45ED-9611-CB434732F4C4}.Debug|Any CPU.Build.0 = Debug|Any CPU
		{386F1B7C-B5C8-45ED-9611-CB434732F4C4}.Release|Any CPU.ActiveCfg = Release|Any CPU
		{386F1B7C-B5C8-45ED-9611-CB434732F4C4}.Release|Any CPU.Build.0 = Release|Any CPU
		{F983BE75-9C2C-43EF-8D08-CE33F8AE94E6}.Debug|Any CPU.ActiveCfg = Debug|Any CPU
		{F983BE75-9C2C-43EF-8D08-CE33F8AE94E6}.Debug|Any CPU.Build.0 = Debug|Any CPU
		{F983BE75-9C2C-43EF-8D08-CE33F8AE94E6}.Release|Any CPU.ActiveCfg = Release|Any CPU
		{F983BE75-9C2C-43EF-8D08-CE33F8AE94E6}.Release|Any CPU.Build.0 = Release|Any CPU
		{7C182E47-B5A3-4A57-A6D3-BA8892A7C93F}.Debug|Any CPU.ActiveCfg = Debug|Any CPU
		{7C182E47-B5A3-4A57-A6D3-BA8892A7C93F}.Debug|Any CPU.Build.0 = Debug|Any CPU
		{7C182E47-B5A3-4A57-A6D3-BA8892A7C93F}.Release|Any CPU.ActiveCfg = Release|Any CPU
		{7C182E47-B5A3-4A57-A6D3-BA8892A7C93F}.Release|Any CPU.Build.0 = Release|Any CPU
		{842DDFB6-5DF8-46D5-ACBE-65280B5917E4}.Debug|Any CPU.ActiveCfg = Debug|Any CPU
		{842DDFB6-5DF8-46D5-ACBE-65280B5917E4}.Debug|Any CPU.Build.0 = Debug|Any CPU
		{842DDFB6-5DF8-46D5-ACBE-65280B5917E4}.Release|Any CPU.ActiveCfg = Release|Any CPU
		{842DDFB6-5DF8-46D5-ACBE-65280B5917E4}.Release|Any CPU.Build.0 = Release|Any CPU
	EndGlobalSection
	GlobalSection(SolutionProperties) = preSolution
		HideSolutionNode = FALSE
	EndGlobalSection
EndGlobal
